
Microsoft Visual Studio Solution File, Format Version 12.00
# Visual Studio Version 17
VisualStudioVersion = 17.8.34511.84
MinimumVisualStudioVersion = 10.0.40219.1
Project("{FAE04EC0-301F-11D3-BF4B-00C04F79EFBC}") = "Blockchain.Signing.Auth", "Blockchain.Signing.Auth\Blockchain.Signing.Auth.csproj", "{CE34DF55-29F1-439B-AEB5-4F21FA5F9343}"
EndProject
Global
	GlobalSection(SolutionConfigurationPlatforms) = preSolution
		Debug|Any CPU = Debug|Any CPU
		Release|Any CPU = Release|Any CPU
	EndGlobalSection
	GlobalSection(ProjectConfigurationPlatforms) = postSolution
		{CE34DF55-29F1-439B-AEB5-4F21FA5F9343}.Debug|Any CPU.ActiveCfg = Debug|Any CPU
		{CE34DF55-29F1-439B-AEB5-4F21FA5F9343}.Debug|Any CPU.Build.0 = Debug|Any CPU
		{CE34DF55-29F1-439B-AEB5-4F21FA5F9343}.Release|Any CPU.ActiveCfg = Release|Any CPU
		{CE34DF55-29F1-439B-AEB5-4F21FA5F9343}.Release|Any CPU.Build.0 = Release|Any CPU
	EndGlobalSection
	GlobalSection(SolutionProperties) = preSolution
		HideSolutionNode = FALSE
	EndGlobalSection
	GlobalSection(ExtensibilityGlobals) = postSolution
		SolutionGuid = {69C0DC16-BA51-4E22-9C03-4D479E7D5073}
	EndGlobalSection
EndGlobal
